
Microsoft Visual Studio Solution File, Format Version 12.00
# Visual Studio 15
VisualStudioVersion = 15.0.27004.2008
MinimumVisualStudioVersion = 10.0.40219.1
Project("{FAE04EC0-301F-11D3-BF4B-00C04F79EFBC}") = "ConsoleApp1", "ConsoleApp1\ConsoleApp1.csproj", "{421F1F9D-C4D4-4A09-A14C-08AAD9A14BEB}"
EndProject
Global
	GlobalSection(SolutionConfigurationPlatforms) = preSolution
		Debug|Any CPU = Debug|Any CPU
		Release|Any CPU = Release|Any CPU
	EndGlobalSection
	GlobalSection(ProjectConfigurationPlatforms) = postSolution
		{421F1F9D-C4D4-4A09-A14C-08AAD9A14BEB}.Debug|Any CPU.ActiveCfg = Debug|Any CPU
		{421F1F9D-C4D4-4A09-A14C-08AAD9A14BEB}.Debug|Any CPU.Build.0 = Debug|Any CPU
		{421F1F9D-C4D4-4A09-A14C-08AAD9A14BEB}.Release|Any CPU.ActiveCfg = Release|Any CPU
		{421F1F9D-C4D4-4A09-A14C-08AAD9A14BEB}.Release|Any CPU.Build.0 = Release|Any CPU
	EndGlobalSection
	GlobalSection(SolutionProperties) = preSolution
		HideSolutionNode = FALSE
	EndGlobalSection
	GlobalSection(ExtensibilityGlobals) = postSolution
		SolutionGuid = {736D59DD-4418-437B-B638-3E038BE841BD}
	EndGlobalSection
EndGlobal
